// !$*UTF8*$!
{
	archiveVersion = 1;
	classes = {
	};
	objectVersion = 46;
	objects = {

/* Begin PBXBuildFile section */
		95C575DB1D8189EE0047C939 /* AppDelegate.swift in Sources */ = {isa = PBXBuildFile; fileRef = 95C575DA1D8189EE0047C939 /* AppDelegate.swift */; };
		95C575DD1D8189EE0047C939 /* ViewController.swift in Sources */ = {isa = PBXBuildFile; fileRef = 95C575DC1D8189EE0047C939 /* ViewController.swift */; };
		95C575E01D8189EE0047C939 /* Main.storyboard in Resources */ = {isa = PBXBuildFile; fileRef = 95C575DE1D8189EE0047C939 /* Main.storyboard */; };
		95C575E21D8189EE0047C939 /* Assets.xcassets in Resources */ = {isa = PBXBuildFile; fileRef = 95C575E11D8189EE0047C939 /* Assets.xcassets */; };
		95C575E51D8189EE0047C939 /* LaunchScreen.storyboard in Resources */ = {isa = PBXBuildFile; fileRef = 95C575E31D8189EE0047C939 /* LaunchScreen.storyboard */; };
/* End PBXBuildFile section */

/* Begin PBXFileReference section */
		95C575D71D8189EE0047C939 /* AsyncHttp.app */ = {isa = PBXFileReference; explicitFileType = wrapper.application; includeInIndex = 0; path = AsyncHttp.app; sourceTree = BUILT_PRODUCTS_DIR; };
		95C575DA1D8189EE0047C939 /* AppDelegate.swift */ = {isa = PBXFileReference; lastKnownFileType = sourcecode.swift; path = AppDelegate.swift; sourceTree = "<group>"; };
		95C575DC1D8189EE0047C939 /* ViewController.swift */ = {isa = PBXFileReference; lastKnownFileType = sourcecode.swift; path = ViewController.swift; sourceTree = "<group>"; };
		95C575DF1D8189EE0047C939 /* Base */ = {isa = PBXFileReference; lastKnownFileType = file.storyboard; name = Base; path = Base.lproj/Main.storyboard; sourceTree = "<group>"; };
		95C575E11D8189EE0047C939 /* Assets.xcassets */ = {isa = PBXFileReference; lastKnownFileType = folder.assetcatalog; path = Assets.xcassets; sourceTree = "<group>"; };
		95C575E41D8189EE0047C939 /* Base */ = {isa = PBXFileReference; lastKnownFileType = file.storyboard; name = Base; path = Base.lproj/LaunchScreen.storyboard; sourceTree = "<group>"; };
		95C575E61D8189EE0047C939 /* Info.plist */ = {isa = PBXFileReference; lastKnownFileType = text.plist.xml; path = Info.plist; sourceTree = "<group>"; };
/* End PBXFileReference section */

/* Begin PBXFrameworksBuildPhase section */
		95C575D41D8189EE0047C939 /* Frameworks */ = {
			isa = PBXFrameworksBuildPhase;
			buildActionMask = 2147483647;
			files = (
			);
			runOnlyForDeploymentPostprocessing = 0;
		};
/* End PBXFrameworksBuildPhase section */

/* Begin PBXGroup section */
		95C575CE1D8189EE0047C939 = {
			isa = PBXGroup;
			children = (
				95C575D91D8189EE0047C939 /* AsyncHttp */,
				95C575D81D8189EE0047C939 /* Products */,
			);
			sourceTree = "<group>";
		};
		95C575D81D8189EE0047C939 /* Products */ = {
			isa = PBXGroup;
			children = (
				95C575D71D8189EE0047C939 /* AsyncHttp.app */,
			);
			name = Products;
			sourceTree = "<group>";
		};
		95C575D91D8189EE0047C939 /* AsyncHttp */ = {
			isa = PBXGroup;
			children = (
				95C575DA1D8189EE0047C939 /* AppDelegate.swift */,
				95C575DC1D8189EE0047C939 /* ViewController.swift */,
				95C575DE1D8189EE0047C939 /* Main.storyboard */,
				95C575E11D8189EE0047C939 /* Assets.xcassets */,
				95C575E31D8189EE0047C939 /* LaunchScreen.storyboard */,
				95C575E61D8189EE0047C939 /* Info.plist */,
			);
			path = AsyncHttp;
			sourceTree = "<group>";
		};
/* End PBXGroup section */

/* Begin PBXNativeTarget section */
		95C575D61D8189EE0047C939 /* AsyncHttp */ = {
			isa = PBXNativeTarget;
			buildConfigurationList = 95C575E91D8189EE0047C939 /* Build configuration list for PBXNativeTarget "AsyncHttp" */;
			buildPhases = (
				95C575D31D8189EE0047C939 /* Sources */,
				95C575D41D8189EE0047C939 /* Frameworks */,
				95C575D51D8189EE0047C939 /* Resources */,
			);
			buildRules = (
			);
			dependencies = (
			);
			name = AsyncHttp;
			productName = AsyncHttp;
			productReference = 95C575D71D8189EE0047C939 /* AsyncHttp.app */;
			productType = "com.apple.product-type.application";
		};
/* End PBXNativeTarget section */

/* Begin PBXProject section */
		95C575CF1D8189EE0047C939 /* Project object */ = {
			isa = PBXProject;
			attributes = {
				LastSwiftUpdateCheck = 0800;
				LastUpgradeCheck = 0800;
				ORGANIZATIONNAME = "Michael Teter";
				TargetAttributes = {
					95C575D61D8189EE0047C939 = {
						CreatedOnToolsVersion = 8.0;
						ProvisioningStyle = Automatic;
					};
				};
			};
			buildConfigurationList = 95C575D21D8189EE0047C939 /* Build configuration list for PBXProject "AsyncHttp" */;
			compatibilityVersion = "Xcode 3.2";
			developmentRegion = English;
			hasScannedForEncodings = 0;
			knownRegions = (
				en,
				Base,
			);
			mainGroup = 95C575CE1D8189EE0047C939;
			productRefGroup = 95C575D81D8189EE0047C939 /* Products */;
			projectDirPath = "";
			projectRoot = "";
			targets = (
				95C575D61D8189EE0047C939 /* AsyncHttp */,
			);
		};
/* End PBXProject section */

/* Begin PBXResourcesBuildPhase section */
		95C575D51D8189EE0047C939 /* Resources */ = {
			isa = PBXResourcesBuildPhase;
			buildActionMask = 2147483647;
			files = (
				95C575E51D8189EE0047C939 /* LaunchScreen.storyboard in Resources */,
				95C575E21D8189EE0047C939 /* Assets.xcassets in Resources */,
				95C575E01D8189EE0047C939 /* Main.storyboard in Resources */,
			);
			runOnlyForDeploymentPostprocessing = 0;
		};
/* End PBXResourcesBuildPhase section */

/* Begin PBXSourcesBuildPhase section */
		95C575D31D8189EE0047C939 /* Sources */ = {
			isa = PBXSourcesBuildPhase;
			buildActionMask = 2147483647;
			files = (
				95C575DD1D8189EE0047C939 /* ViewController.swift in Sources */,
				95C575DB1D8189EE0047C939 /* AppDelegate.swift in Sources */,
			);
			runOnlyForDeploymentPostprocessing = 0;
		};
/* End PBXSourcesBuildPhase section */

/* Begin PBXVariantGroup section */
		95C575DE1D8189EE0047C939 /* Main.storyboard */ = {
			isa = PBXVariantGroup;
			children = (
				95C575DF1D8189EE0047C939 /* Base */,
			);
			name = Main.storyboard;
			sourceTree = "<group>";
		};
		95C575E31D8189EE0047C939 /* LaunchScreen.storyboard */ = {
			isa = PBXVariantGroup;
			children = (
				95C575E41D8189EE0047C939 /* Base */,
			);
			name = LaunchScreen.storyboard;
			sourceTree = "<group>";
		};
/* End PBXVariantGroup section */

/* Begin XCBuildConfiguration section */
		95C575E71D8189EE0047C939 /* Debug */ = {
			isa = XCBuildConfiguration;
			buildSettings = {
				ALWAYS_SEARCH_USER_PATHS = NO;
				CLANG_ANALYZER_NONNULL = YES;
				CLANG_CXX_LANGUAGE_STANDARD = "gnu++0x";
				CLANG_CXX_LIBRARY = "libc++";
				CLANG_ENABLE_MODULES = YES;
				CLANG_ENABLE_OBJC_ARC = YES;
				CLANG_WARN_BOOL_CONVERSION = YES;
				CLANG_WARN_CONSTANT_CONVERSION = YES;
				CLANG_WARN_DIRECT_OBJC_ISA_USAGE = YES_ERROR;
				CLANG_WARN_DOCUMENTATION_COMMENTS = YES;
				CLANG_WARN_EMPTY_BODY = YES;
				CLANG_WARN_ENUM_CONVERSION = YES;
				CLANG_WARN_INFINITE_RECURSION = YES;
				CLANG_WARN_INT_CONVERSION = YES;
				CLANG_WARN_OBJC_ROOT_CLASS = YES_ERROR;
				CLANG_WARN_SUSPICIOUS_MOVES = YES;
				CLANG_WARN_UNREACHABLE_CODE = YES;
				CLANG_WARN__DUPLICATE_METHOD_MATCH = YES;
				"CODE_SIGN_IDENTITY[sdk=iphoneos*]" = "iPhone Developer";
				COPY_PHASE_STRIP = NO;
				DEBUG_INFORMATION_FORMAT = dwarf;
				ENABLE_STRICT_OBJC_MSGSEND = YES;
				ENABLE_TESTABILITY = YES;
				GCC_C_LANGUAGE_STANDARD = gnu99;
				GCC_DYNAMIC_NO_PIC = NO;
				GCC_NO_COMMON_BLOCKS = YES;
				GCC_OPTIMIZATION_LEVEL = 0;
				GCC_PREPROCESSOR_DEFINITIONS = (
					"DEBUG=1",
					"$(inherited)",
				);
				GCC_WARN_64_TO_32_BIT_CONVERSION = YES;
				GCC_WARN_ABOUT_RETURN_TYPE = YES_ERROR;
				GCC_WARN_UNDECLARED_SELECTOR = YES;
				GCC_WARN_UNINITIALIZED_AUTOS = YES_AGGRESSIVE;
				GCC_WARN_UNUSED_FUNCTION = YES;
				GCC_WARN_UNUSED_VARIABLE = YES;
				IPHONEOS_DEPLOYMENT_TARGET = 10.0;
				MTL_ENABLE_DEBUG_INFO = YES;
				ONLY_ACTIVE_ARCH = YES;
				SDKROOT = iphoneos;
				SWIFT_ACTIVE_COMPILATION_CONDITIONS = DEBUG;
				SWIFT_OPTIMIZATION_LEVEL = "-Onone";
			};
			name = Debug;
		};
		95C575E81D8189EE0047C939 /* Release */ = {
			isa = XCBuildConfiguration;
			buildSettings = {
				ALWAYS_SEARCH_USER_PATHS = NO;
				CLANG_ANALYZER_NONNULL = YES;
				CLANG_CXX_LANGUAGE_STANDARD = "gnu++0x";
				CLANG_CXX_LIBRARY = "libc++";
				CLANG_ENABLE_MODULES = YES;
				CLANG_ENABLE_OBJC_ARC = YES;
				CLANG_WARN_BOOL_CONVERSION = YES;
				CLANG_WARN_CONSTANT_CONVERSION = YES;
				CLANG_WARN_DIRECT_OBJC_ISA_USAGE = YES_ERROR;
				CLANG_WARN_DOCUMENTATION_COMMENTS = YES;
				CLANG_WARN_EMPTY_BODY = YES;
				CLANG_WARN_ENUM_CONVERSION = YES;
				CLANG_WARN_INFINITE_RECURSION = YES;
				CLANG_WARN_INT_CONVERSION = YES;
				CLANG_WARN_OBJC_ROOT_CLASS = YES_ERROR;
				CLANG_WARN_SUSPICIOUS_MOVES = YES;
				CLANG_WARN_UNREACHABLE_CODE = YES;
				CLANG_WARN__DUPLICATE_METHOD_MATCH = YES;
				"CODE_SIGN_IDENTITY[sdk=iphoneos*]" = "iPhone Developer";
				COPY_PHASE_STRIP = NO;
				DEBUG_INFORMATION_FORMAT = "dwarf-with-dsym";
				ENABLE_NS_ASSERTIONS = NO;
				ENABLE_STRICT_OBJC_MSGSEND = YES;
				GCC_C_LANGUAGE_STANDARD = gnu99;
				GCC_NO_COMMON_BLOCKS = YES;
				GCC_WARN_64_TO_32_BIT_CONVERSION = YES;
				GCC_WARN_ABOUT_RETURN_TYPE = YES_ERROR;
				GCC_WARN_UNDECLARED_SELECTOR = YES;
				GCC_WARN_UNINITIALIZED_AUTOS = YES_AGGRESSIVE;
				GCC_WARN_UNUSED_FUNCTION = YES;
				GCC_WARN_UNUSED_VARIABLE = YES;
				IPHONEOS_DEPLOYMENT_TARGET = 10.0;
				MTL_ENABLE_DEBUG_INFO = NO;
				SDKROOT = iphoneos;
				SWIFT_OPTIMIZATION_LEVEL = "-Owholemodule";
				VALIDATE_PRODUCT = YES;
			};
			name = Release;
		};
		95C575EA1D8189EE0047C939 /* Debug */ = {
			isa = XCBuildConfiguration;
			buildSettings = {
				ASSETCATALOG_COMPILER_APPICON_NAME = AppIcon;
				INFOPLIST_FILE = AsyncHttp/Info.plist;
				LD_RUNPATH_SEARCH_PATHS = "$(inherited) @executable_path/Frameworks";
				PRODUCT_BUNDLE_IDENTIFIER = com.michaelteter.ios.AsyncHttp;
				PRODUCT_NAME = "$(TARGET_NAME)";
				SWIFT_VERSION = 3.0;
			};
			name = Debug;
		};
		95C575EB1D8189EE0047C939 /* Release */ = {
			isa = XCBuildConfiguration;
			buildSettings = {
				ASSETCATALOG_COMPILER_APPICON_NAME = AppIcon;
				INFOPLIST_FILE = AsyncHttp/Info.plist;
				LD_RUNPATH_SEARCH_PATHS = "$(inherited) @executable_path/Frameworks";
				PRODUCT_BUNDLE_IDENTIFIER = com.michaelteter.ios.AsyncHttp;
				PRODUCT_NAME = "$(TARGET_NAME)";
				SWIFT_VERSION = 3.0;
			};
			name = Release;
		};
/* End XCBuildConfiguration section */

/* Begin XCConfigurationList section */
		95C575D21D8189EE0047C939 /* Build configuration list for PBXProject "AsyncHttp" */ = {
			isa = XCConfigurationList;
			buildConfigurations = (
				95C575E71D8189EE0047C939 /* Debug */,
				95C575E81D8189EE0047C939 /* Release */,
			);
			defaultConfigurationIsVisible = 0;
			defaultConfigurationName = Release;
		};
		95C575E91D8189EE0047C939 /* Build configuration list for PBXNativeTarget "AsyncHttp" */ = {
			isa = XCConfigurationList;
			buildConfigurations = (
				95C575EA1D8189EE0047C939 /* Debug */,
				95C575EB1D8189EE0047C939 /* Release */,
			);
			defaultConfigurationIsVisible = 0;
		};
/* End XCConfigurationList section */
	};
	rootObject = 95C575CF1D8189EE0047C939 /* Project object */;
}
